
Microsoft Visual Studio Solution File, Format Version 12.00
# Visual Studio Version 17
VisualStudioVersion = 17.10.35027.167
MinimumVisualStudioVersion = 10.0.40219.1
Project("{FAE04EC0-301F-11D3-BF4B-00C04F79EFBC}") = "SortArray", "SortArray\SortArray.csproj", "{693DDD00-43E9-4965-A85C-B6789663397D}"
EndProject
Project("{FAE04EC0-301F-11D3-BF4B-00C04F79EFBC}") = "Sort_Array", "Sort_Array\Sort_Array.csproj", "{6B49618F-8AD3-47D7-94C9-6EA49425F74B}"
EndProject
Global
	GlobalSection(SolutionConfigurationPlatforms) = preSolution
		Debug|Any CPU = Debug|Any CPU
		Release|Any CPU = Release|Any CPU
	EndGlobalSection
	GlobalSection(ProjectConfigurationPlatforms) = postSolution
		{693DDD00-43E9-4965-A85C-B6789663397D}.Debug|Any CPU.ActiveCfg = Debug|Any CPU
		{693DDD00-43E9-4965-A85C-B6789663397D}.Debug|Any CPU.Build.0 = Debug|Any CPU
		{693DDD00-43E9-4965-A85C-B6789663397D}.Release|Any CPU.ActiveCfg = Release|Any CPU
		{693DDD00-43E9-4965-A85C-B6789663397D}.Release|Any CPU.Build.0 = Release|Any CPU
		{6B49618F-8AD3-47D7-94C9-6EA49425F74B}.Debug|Any CPU.ActiveCfg = Debug|Any CPU
		{6B49618F-8AD3-47D7-94C9-6EA49425F74B}.Debug|Any CPU.Build.0 = Debug|Any CPU
		{6B49618F-8AD3-47D7-94C9-6EA49425F74B}.Release|Any CPU.ActiveCfg = Release|Any CPU
		{6B49618F-8AD3-47D7-94C9-6EA49425F74B}.Release|Any CPU.Build.0 = Release|Any CPU
	EndGlobalSection
	GlobalSection(SolutionProperties) = preSolution
		HideSolutionNode = FALSE
	EndGlobalSection
	GlobalSection(ExtensibilityGlobals) = postSolution
		SolutionGuid = {D67EEB42-C93C-4F98-9199-CBB42A9A3671}
	EndGlobalSection
EndGlobal
